// !$*UTF8*$!
{
	archiveVersion = 1;
	classes = {
	};
	objectVersion = 48;
	objects = {

/* Begin PBXBuildFile section */
		770AC9FE20ADCAA00007FD1D /* AppDelegate.swift in Sources */ = {isa = PBXBuildFile; fileRef = 770AC9FD20ADCAA00007FD1D /* AppDelegate.swift */; };
		770ACA0020ADCAA00007FD1D /* ViewController.swift in Sources */ = {isa = PBXBuildFile; fileRef = 770AC9FF20ADCAA00007FD1D /* ViewController.swift */; };
		770ACA0320ADCAA00007FD1D /* Main.storyboard in Resources */ = {isa = PBXBuildFile; fileRef = 770ACA0120ADCAA00007FD1D /* Main.storyboard */; };
		770ACA0620ADCAA00007FD1D /* WaterWorldPinguinsAndShark.xcdatamodeld in Sources */ = {isa = PBXBuildFile; fileRef = 770ACA0420ADCAA00007FD1D /* WaterWorldPinguinsAndShark.xcdatamodeld */; };
		770ACA0820ADCAA00007FD1D /* Assets.xcassets in Resources */ = {isa = PBXBuildFile; fileRef = 770ACA0720ADCAA00007FD1D /* Assets.xcassets */; };
		770ACA0B20ADCAA00007FD1D /* LaunchScreen.storyboard in Resources */ = {isa = PBXBuildFile; fileRef = 770ACA0920ADCAA00007FD1D /* LaunchScreen.storyboard */; };
		770ACA1320ADCAB30007FD1D /* Animals.swift in Sources */ = {isa = PBXBuildFile; fileRef = 770ACA1220ADCAB30007FD1D /* Animals.swift */; };
		770ACA1520ADCAC30007FD1D /* Penguins.swift in Sources */ = {isa = PBXBuildFile; fileRef = 770ACA1420ADCAC30007FD1D /* Penguins.swift */; };
		770ACA1720ADCACA0007FD1D /* Shark.swift in Sources */ = {isa = PBXBuildFile; fileRef = 770ACA1620ADCACA0007FD1D /* Shark.swift */; };
		770ACA1A20ADCB340007FD1D /* Direction.swift in Sources */ = {isa = PBXBuildFile; fileRef = 770ACA1920ADCB340007FD1D /* Direction.swift */; };
		770ACA1C20ADCB5A0007FD1D /* Position.swift in Sources */ = {isa = PBXBuildFile; fileRef = 770ACA1B20ADCB5A0007FD1D /* Position.swift */; };
		770ACA1E20ADCD380007FD1D /* AnimalsManager.swift in Sources */ = {isa = PBXBuildFile; fileRef = 770ACA1D20ADCD380007FD1D /* AnimalsManager.swift */; };
		770ACA2020ADCFEC0007FD1D /* StartViewController.swift in Sources */ = {isa = PBXBuildFile; fileRef = 770ACA1F20ADCFEC0007FD1D /* StartViewController.swift */; };
		770ACA2220ADD0E90007FD1D /* StartViewControllerCell.swift in Sources */ = {isa = PBXBuildFile; fileRef = 770ACA2120ADD0E90007FD1D /* StartViewControllerCell.swift */; };
		770ACA2420ADD1710007FD1D /* Extension.swift in Sources */ = {isa = PBXBuildFile; fileRef = 770ACA2320ADD1710007FD1D /* Extension.swift */; };
		770ACA2620ADD1C30007FD1D /* StartViewControllerCellViewModel.swift in Sources */ = {isa = PBXBuildFile; fileRef = 770ACA2520ADD1C30007FD1D /* StartViewControllerCellViewModel.swift */; };
		770ACA2820ADD2B10007FD1D /* StartViewModel.swift in Sources */ = {isa = PBXBuildFile; fileRef = 770ACA2720ADD2B10007FD1D /* StartViewModel.swift */; };
/* End PBXBuildFile section */

/* Begin PBXFileReference section */
		770AC9FA20ADCAA00007FD1D /* WaterWorldPinguinsAndShark.app */ = {isa = PBXFileReference; explicitFileType = wrapper.application; includeInIndex = 0; path = WaterWorldPinguinsAndShark.app; sourceTree = BUILT_PRODUCTS_DIR; };
		770AC9FD20ADCAA00007FD1D /* AppDelegate.swift */ = {isa = PBXFileReference; lastKnownFileType = sourcecode.swift; path = AppDelegate.swift; sourceTree = "<group>"; };
		770AC9FF20ADCAA00007FD1D /* ViewController.swift */ = {isa = PBXFileReference; lastKnownFileType = sourcecode.swift; path = ViewController.swift; sourceTree = "<group>"; };
		770ACA0220ADCAA00007FD1D /* Base */ = {isa = PBXFileReference; lastKnownFileType = file.storyboard; name = Base; path = Base.lproj/Main.storyboard; sourceTree = "<group>"; };
		770ACA0520ADCAA00007FD1D /* WaterWorldPinguinsAndShark.xcdatamodel */ = {isa = PBXFileReference; lastKnownFileType = wrapper.xcdatamodel; path = WaterWorldPinguinsAndShark.xcdatamodel; sourceTree = "<group>"; };
		770ACA0720ADCAA00007FD1D /* Assets.xcassets */ = {isa = PBXFileReference; lastKnownFileType = folder.assetcatalog; path = Assets.xcassets; sourceTree = "<group>"; };
		770ACA0A20ADCAA00007FD1D /* Base */ = {isa = PBXFileReference; lastKnownFileType = file.storyboard; name = Base; path = Base.lproj/LaunchScreen.storyboard; sourceTree = "<group>"; };
		770ACA0C20ADCAA00007FD1D /* Info.plist */ = {isa = PBXFileReference; lastKnownFileType = text.plist.xml; path = Info.plist; sourceTree = "<group>"; };
		770ACA1220ADCAB30007FD1D /* Animals.swift */ = {isa = PBXFileReference; lastKnownFileType = sourcecode.swift; path = Animals.swift; sourceTree = "<group>"; };
		770ACA1420ADCAC30007FD1D /* Penguins.swift */ = {isa = PBXFileReference; lastKnownFileType = sourcecode.swift; path = Penguins.swift; sourceTree = "<group>"; };
		770ACA1620ADCACA0007FD1D /* Shark.swift */ = {isa = PBXFileReference; lastKnownFileType = sourcecode.swift; path = Shark.swift; sourceTree = "<group>"; };
		770ACA1920ADCB340007FD1D /* Direction.swift */ = {isa = PBXFileReference; lastKnownFileType = sourcecode.swift; path = Direction.swift; sourceTree = "<group>"; };
		770ACA1B20ADCB5A0007FD1D /* Position.swift */ = {isa = PBXFileReference; lastKnownFileType = sourcecode.swift; path = Position.swift; sourceTree = "<group>"; };
		770ACA1D20ADCD380007FD1D /* AnimalsManager.swift */ = {isa = PBXFileReference; lastKnownFileType = sourcecode.swift; path = AnimalsManager.swift; sourceTree = "<group>"; };
		770ACA1F20ADCFEC0007FD1D /* StartViewController.swift */ = {isa = PBXFileReference; lastKnownFileType = sourcecode.swift; path = StartViewController.swift; sourceTree = "<group>"; };
		770ACA2120ADD0E90007FD1D /* StartViewControllerCell.swift */ = {isa = PBXFileReference; lastKnownFileType = sourcecode.swift; path = StartViewControllerCell.swift; sourceTree = "<group>"; };
		770ACA2320ADD1710007FD1D /* Extension.swift */ = {isa = PBXFileReference; lastKnownFileType = sourcecode.swift; path = Extension.swift; sourceTree = "<group>"; };
		770ACA2520ADD1C30007FD1D /* StartViewControllerCellViewModel.swift */ = {isa = PBXFileReference; lastKnownFileType = sourcecode.swift; path = StartViewControllerCellViewModel.swift; sourceTree = "<group>"; };
		770ACA2720ADD2B10007FD1D /* StartViewModel.swift */ = {isa = PBXFileReference; lastKnownFileType = sourcecode.swift; path = StartViewModel.swift; sourceTree = "<group>"; };
/* End PBXFileReference section */

/* Begin PBXFrameworksBuildPhase section */
		770AC9F720ADCAA00007FD1D /* Frameworks */ = {
			isa = PBXFrameworksBuildPhase;
			buildActionMask = 2147483647;
			files = (
			);
			runOnlyForDeploymentPostprocessing = 0;
		};
/* End PBXFrameworksBuildPhase section */

/* Begin PBXGroup section */
		770AC9F120ADCAA00007FD1D = {
			isa = PBXGroup;
			children = (
				770AC9FC20ADCAA00007FD1D /* WaterWorldPinguinsAndShark */,
				770AC9FB20ADCAA00007FD1D /* Products */,
			);
			sourceTree = "<group>";
		};
		770AC9FB20ADCAA00007FD1D /* Products */ = {
			isa = PBXGroup;
			children = (
				770AC9FA20ADCAA00007FD1D /* WaterWorldPinguinsAndShark.app */,
			);
			name = Products;
			sourceTree = "<group>";
		};
		770AC9FC20ADCAA00007FD1D /* WaterWorldPinguinsAndShark */ = {
			isa = PBXGroup;
			children = (
				770AC9FD20ADCAA00007FD1D /* AppDelegate.swift */,
				770AC9FF20ADCAA00007FD1D /* ViewController.swift */,
				770ACA1F20ADCFEC0007FD1D /* StartViewController.swift */,
				770ACA2320ADD1710007FD1D /* Extension.swift */,
				770ACA2120ADD0E90007FD1D /* StartViewControllerCell.swift */,
				770ACA2720ADD2B10007FD1D /* StartViewModel.swift */,
				770ACA2520ADD1C30007FD1D /* StartViewControllerCellViewModel.swift */,
				770ACA1D20ADCD380007FD1D /* AnimalsManager.swift */,
				770ACA1820ADCAD20007FD1D /* Models */,
				770ACA0120ADCAA00007FD1D /* Main.storyboard */,
				770ACA0720ADCAA00007FD1D /* Assets.xcassets */,
				770ACA0920ADCAA00007FD1D /* LaunchScreen.storyboard */,
				770ACA0C20ADCAA00007FD1D /* Info.plist */,
				770ACA0420ADCAA00007FD1D /* WaterWorldPinguinsAndShark.xcdatamodeld */,
			);
			path = WaterWorldPinguinsAndShark;
			sourceTree = "<group>";
		};
		770ACA1820ADCAD20007FD1D /* Models */ = {
			isa = PBXGroup;
			children = (
				770ACA1220ADCAB30007FD1D /* Animals.swift */,
				770ACA1420ADCAC30007FD1D /* Penguins.swift */,
				770ACA1620ADCACA0007FD1D /* Shark.swift */,
				770ACA1920ADCB340007FD1D /* Direction.swift */,
				770ACA1B20ADCB5A0007FD1D /* Position.swift */,
			);
			path = Models;
			sourceTree = "<group>";
		};
/* End PBXGroup section */

/* Begin PBXNativeTarget section */
		770AC9F920ADCAA00007FD1D /* WaterWorldPinguinsAndShark */ = {
			isa = PBXNativeTarget;
			buildConfigurationList = 770ACA0F20ADCAA00007FD1D /* Build configuration list for PBXNativeTarget "WaterWorldPinguinsAndShark" */;
			buildPhases = (
				770AC9F620ADCAA00007FD1D /* Sources */,
				770AC9F720ADCAA00007FD1D /* Frameworks */,
				770AC9F820ADCAA00007FD1D /* Resources */,
			);
			buildRules = (
			);
			dependencies = (
			);
			name = WaterWorldPinguinsAndShark;
			productName = WaterWorldPinguinsAndShark;
			productReference = 770AC9FA20ADCAA00007FD1D /* WaterWorldPinguinsAndShark.app */;
			productType = "com.apple.product-type.application";
		};
/* End PBXNativeTarget section */

/* Begin PBXProject section */
		770AC9F220ADCAA00007FD1D /* Project object */ = {
			isa = PBXProject;
			attributes = {
				LastSwiftUpdateCheck = 0920;
				LastUpgradeCheck = 0920;
				ORGANIZATIONNAME = "Pavel Burdukovskii";
				TargetAttributes = {
					770AC9F920ADCAA00007FD1D = {
						CreatedOnToolsVersion = 9.2;
						ProvisioningStyle = Automatic;
					};
				};
			};
			buildConfigurationList = 770AC9F520ADCAA00007FD1D /* Build configuration list for PBXProject "WaterWorldPinguinsAndShark" */;
			compatibilityVersion = "Xcode 8.0";
			developmentRegion = en;
			hasScannedForEncodings = 0;
			knownRegions = (
				en,
				Base,
			);
			mainGroup = 770AC9F120ADCAA00007FD1D;
			productRefGroup = 770AC9FB20ADCAA00007FD1D /* Products */;
			projectDirPath = "";
			projectRoot = "";
			targets = (
				770AC9F920ADCAA00007FD1D /* WaterWorldPinguinsAndShark */,
			);
		};
/* End PBXProject section */

/* Begin PBXResourcesBuildPhase section */
		770AC9F820ADCAA00007FD1D /* Resources */ = {
			isa = PBXResourcesBuildPhase;
			buildActionMask = 2147483647;
			files = (
				770ACA0B20ADCAA00007FD1D /* LaunchScreen.storyboard in Resources */,
				770ACA0820ADCAA00007FD1D /* Assets.xcassets in Resources */,
				770ACA0320ADCAA00007FD1D /* Main.storyboard in Resources */,
			);
			runOnlyForDeploymentPostprocessing = 0;
		};
/* End PBXResourcesBuildPhase section */

/* Begin PBXSourcesBuildPhase section */
		770AC9F620ADCAA00007FD1D /* Sources */ = {
			isa = PBXSourcesBuildPhase;
			buildActionMask = 2147483647;
			files = (
				770ACA1A20ADCB340007FD1D /* Direction.swift in Sources */,
				770ACA0020ADCAA00007FD1D /* ViewController.swift in Sources */,
				770ACA1720ADCACA0007FD1D /* Shark.swift in Sources */,
				770ACA2420ADD1710007FD1D /* Extension.swift in Sources */,
				770ACA1320ADCAB30007FD1D /* Animals.swift in Sources */,
				770ACA1520ADCAC30007FD1D /* Penguins.swift in Sources */,
				770ACA2220ADD0E90007FD1D /* StartViewControllerCell.swift in Sources */,
				770ACA2820ADD2B10007FD1D /* StartViewModel.swift in Sources */,
				770ACA2020ADCFEC0007FD1D /* StartViewController.swift in Sources */,
				770ACA1E20ADCD380007FD1D /* AnimalsManager.swift in Sources */,
				770AC9FE20ADCAA00007FD1D /* AppDelegate.swift in Sources */,
				770ACA2620ADD1C30007FD1D /* StartViewControllerCellViewModel.swift in Sources */,
				770ACA1C20ADCB5A0007FD1D /* Position.swift in Sources */,
				770ACA0620ADCAA00007FD1D /* WaterWorldPinguinsAndShark.xcdatamodeld in Sources */,
			);
			runOnlyForDeploymentPostprocessing = 0;
		};
/* End PBXSourcesBuildPhase section */

/* Begin PBXVariantGroup section */
		770ACA0120ADCAA00007FD1D /* Main.storyboard */ = {
			isa = PBXVariantGroup;
			children = (
				770ACA0220ADCAA00007FD1D /* Base */,
			);
			name = Main.storyboard;
			sourceTree = "<group>";
		};
		770ACA0920ADCAA00007FD1D /* LaunchScreen.storyboard */ = {
			isa = PBXVariantGroup;
			children = (
				770ACA0A20ADCAA00007FD1D /* Base */,
			);
			name = LaunchScreen.storyboard;
			sourceTree = "<group>";
		};
/* End PBXVariantGroup section */

/* Begin XCBuildConfiguration section */
		770ACA0D20ADCAA00007FD1D /* Debug */ = {
			isa = XCBuildConfiguration;
			buildSettings = {
				ALWAYS_SEARCH_USER_PATHS = NO;
				CLANG_ANALYZER_NONNULL = YES;
				CLANG_ANALYZER_NUMBER_OBJECT_CONVERSION = YES_AGGRESSIVE;
				CLANG_CXX_LANGUAGE_STANDARD = "gnu++14";
				CLANG_CXX_LIBRARY = "libc++";
				CLANG_ENABLE_MODULES = YES;
				CLANG_ENABLE_OBJC_ARC = YES;
				CLANG_WARN_BLOCK_CAPTURE_AUTORELEASING = YES;
				CLANG_WARN_BOOL_CONVERSION = YES;
				CLANG_WARN_COMMA = YES;
				CLANG_WARN_CONSTANT_CONVERSION = YES;
				CLANG_WARN_DIRECT_OBJC_ISA_USAGE = YES_ERROR;
				CLANG_WARN_DOCUMENTATION_COMMENTS = YES;
				CLANG_WARN_EMPTY_BODY = YES;
				CLANG_WARN_ENUM_CONVERSION = YES;
				CLANG_WARN_INFINITE_RECURSION = YES;
				CLANG_WARN_INT_CONVERSION = YES;
				CLANG_WARN_NON_LITERAL_NULL_CONVERSION = YES;
				CLANG_WARN_OBJC_LITERAL_CONVERSION = YES;
				CLANG_WARN_OBJC_ROOT_CLASS = YES_ERROR;
				CLANG_WARN_RANGE_LOOP_ANALYSIS = YES;
				CLANG_WARN_STRICT_PROTOTYPES = YES;
				CLANG_WARN_SUSPICIOUS_MOVE = YES;
				CLANG_WARN_UNGUARDED_AVAILABILITY = YES_AGGRESSIVE;
				CLANG_WARN_UNREACHABLE_CODE = YES;
				CLANG_WARN__DUPLICATE_METHOD_MATCH = YES;
				CODE_SIGN_IDENTITY = "iPhone Developer";
				COPY_PHASE_STRIP = NO;
				DEBUG_INFORMATION_FORMAT = dwarf;
				ENABLE_STRICT_OBJC_MSGSEND = YES;
				ENABLE_TESTABILITY = YES;
				GCC_C_LANGUAGE_STANDARD = gnu11;
				GCC_DYNAMIC_NO_PIC = NO;
				GCC_NO_COMMON_BLOCKS = YES;
				GCC_OPTIMIZATION_LEVEL = 0;
				GCC_PREPROCESSOR_DEFINITIONS = (
					"DEBUG=1",
					"$(inherited)",
				);
				GCC_WARN_64_TO_32_BIT_CONVERSION = YES;
				GCC_WARN_ABOUT_RETURN_TYPE = YES_ERROR;
				GCC_WARN_UNDECLARED_SELECTOR = YES;
				GCC_WARN_UNINITIALIZED_AUTOS = YES_AGGRESSIVE;
				GCC_WARN_UNUSED_FUNCTION = YES;
				GCC_WARN_UNUSED_VARIABLE = YES;
				IPHONEOS_DEPLOYMENT_TARGET = 11.2;
				MTL_ENABLE_DEBUG_INFO = YES;
				ONLY_ACTIVE_ARCH = YES;
				SDKROOT = iphoneos;
				SWIFT_ACTIVE_COMPILATION_CONDITIONS = DEBUG;
				SWIFT_OPTIMIZATION_LEVEL = "-Onone";
			};
			name = Debug;
		};
		770ACA0E20ADCAA00007FD1D /* Release */ = {
			isa = XCBuildConfiguration;
			buildSettings = {
				ALWAYS_SEARCH_USER_PATHS = NO;
				CLANG_ANALYZER_NONNULL = YES;
				CLANG_ANALYZER_NUMBER_OBJECT_CONVERSION = YES_AGGRESSIVE;
				CLANG_CXX_LANGUAGE_STANDARD = "gnu++14";
				CLANG_CXX_LIBRARY = "libc++";
				CLANG_ENABLE_MODULES = YES;
				CLANG_ENABLE_OBJC_ARC = YES;
				CLANG_WARN_BLOCK_CAPTURE_AUTORELEASING = YES;
				CLANG_WARN_BOOL_CONVERSION = YES;
				CLANG_WARN_COMMA = YES;
				CLANG_WARN_CONSTANT_CONVERSION = YES;
				CLANG_WARN_DIRECT_OBJC_ISA_USAGE = YES_ERROR;
				CLANG_WARN_DOCUMENTATION_COMMENTS = YES;
				CLANG_WARN_EMPTY_BODY = YES;
				CLANG_WARN_ENUM_CONVERSION = YES;
				CLANG_WARN_INFINITE_RECURSION = YES;
				CLANG_WARN_INT_CONVERSION = YES;
				CLANG_WARN_NON_LITERAL_NULL_CONVERSION = YES;
				CLANG_WARN_OBJC_LITERAL_CONVERSION = YES;
				CLANG_WARN_OBJC_ROOT_CLASS = YES_ERROR;
				CLANG_WARN_RANGE_LOOP_ANALYSIS = YES;
				CLANG_WARN_STRICT_PROTOTYPES = YES;
				CLANG_WARN_SUSPICIOUS_MOVE = YES;
				CLANG_WARN_UNGUARDED_AVAILABILITY = YES_AGGRESSIVE;
				CLANG_WARN_UNREACHABLE_CODE = YES;
				CLANG_WARN__DUPLICATE_METHOD_MATCH = YES;
				CODE_SIGN_IDENTITY = "iPhone Developer";
				COPY_PHASE_STRIP = NO;
				DEBUG_INFORMATION_FORMAT = "dwarf-with-dsym";
				ENABLE_NS_ASSERTIONS = NO;
				ENABLE_STRICT_OBJC_MSGSEND = YES;
				GCC_C_LANGUAGE_STANDARD = gnu11;
				GCC_NO_COMMON_BLOCKS = YES;
				GCC_WARN_64_TO_32_BIT_CONVERSION = YES;
				GCC_WARN_ABOUT_RETURN_TYPE = YES_ERROR;
				GCC_WARN_UNDECLARED_SELECTOR = YES;
				GCC_WARN_UNINITIALIZED_AUTOS = YES_AGGRESSIVE;
				GCC_WARN_UNUSED_FUNCTION = YES;
				GCC_WARN_UNUSED_VARIABLE = YES;
				IPHONEOS_DEPLOYMENT_TARGET = 11.2;
				MTL_ENABLE_DEBUG_INFO = NO;
				SDKROOT = iphoneos;
				SWIFT_OPTIMIZATION_LEVEL = "-Owholemodule";
				VALIDATE_PRODUCT = YES;
			};
			name = Release;
		};
		770ACA1020ADCAA00007FD1D /* Debug */ = {
			isa = XCBuildConfiguration;
			buildSettings = {
				ASSETCATALOG_COMPILER_APPICON_NAME = AppIcon;
				CODE_SIGN_STYLE = Automatic;
				DEVELOPMENT_TEAM = 6R6KJ6QT78;
				INFOPLIST_FILE = WaterWorldPinguinsAndShark/Info.plist;
				LD_RUNPATH_SEARCH_PATHS = "$(inherited) @executable_path/Frameworks";
				PRODUCT_BUNDLE_IDENTIFIER = com.pavelburdukovskii.WaterWorldPinguinsAndShark;
				PRODUCT_NAME = "$(TARGET_NAME)";
				SWIFT_VERSION = 4.0;
				TARGETED_DEVICE_FAMILY = "1,2";
			};
			name = Debug;
		};
		770ACA1120ADCAA00007FD1D /* Release */ = {
			isa = XCBuildConfiguration;
			buildSettings = {
				ASSETCATALOG_COMPILER_APPICON_NAME = AppIcon;
				CODE_SIGN_STYLE = Automatic;
				DEVELOPMENT_TEAM = 6R6KJ6QT78;
				INFOPLIST_FILE = WaterWorldPinguinsAndShark/Info.plist;
				LD_RUNPATH_SEARCH_PATHS = "$(inherited) @executable_path/Frameworks";
				PRODUCT_BUNDLE_IDENTIFIER = com.pavelburdukovskii.WaterWorldPinguinsAndShark;
				PRODUCT_NAME = "$(TARGET_NAME)";
				SWIFT_VERSION = 4.0;
				TARGETED_DEVICE_FAMILY = "1,2";
			};
			name = Release;
		};
/* End XCBuildConfiguration section */

/* Begin XCConfigurationList section */
		770AC9F520ADCAA00007FD1D /* Build configuration list for PBXProject "WaterWorldPinguinsAndShark" */ = {
			isa = XCConfigurationList;
			buildConfigurations = (
				770ACA0D20ADCAA00007FD1D /* Debug */,
				770ACA0E20ADCAA00007FD1D /* Release */,
			);
			defaultConfigurationIsVisible = 0;
			defaultConfigurationName = Release;
		};
		770ACA0F20ADCAA00007FD1D /* Build configuration list for PBXNativeTarget "WaterWorldPinguinsAndShark" */ = {
			isa = XCConfigurationList;
			buildConfigurations = (
				770ACA1020ADCAA00007FD1D /* Debug */,
				770ACA1120ADCAA00007FD1D /* Release */,
			);
			defaultConfigurationIsVisible = 0;
			defaultConfigurationName = Release;
		};
/* End XCConfigurationList section */

/* Begin XCVersionGroup section */
		770ACA0420ADCAA00007FD1D /* WaterWorldPinguinsAndShark.xcdatamodeld */ = {
			isa = XCVersionGroup;
			children = (
				770ACA0520ADCAA00007FD1D /* WaterWorldPinguinsAndShark.xcdatamodel */,
			);
			currentVersion = 770ACA0520ADCAA00007FD1D /* WaterWorldPinguinsAndShark.xcdatamodel */;
			path = WaterWorldPinguinsAndShark.xcdatamodeld;
			sourceTree = "<group>";
			versionGroupType = wrapper.xcdatamodel;
		};
/* End XCVersionGroup section */
	};
	rootObject = 770AC9F220ADCAA00007FD1D /* Project object */;
}
